
Microsoft Visual Studio Solution File, Format Version 12.00
# Visual Studio Version 17
VisualStudioVersion = 17.4.33110.190
MinimumVisualStudioVersion = 10.0.40219.1
Project("{8BC9CEB8-8B4A-11D0-8D11-00A0C91BC942}") = "Client", "Client\Client.vcxproj", "{BD41EF6E-2223-4E04-A708-FAC1B9FBED3D}"
EndProject
Project("{8BC9CEB8-8B4A-11D0-8D11-00A0C91BC942}") = "NetShared", "NetShared\NetShared.vcxproj", "{8A044BA8-80FC-4205-B7F3-82069F0B29BE}"
EndProject
Project("{8BC9CEB8-8B4A-11D0-8D11-00A0C91BC942}") = "Server", "Server\Server.vcxproj", "{D8A5E1A5-EC8E-4100-A193-7D21D53D2513}"
EndProject
Global
	GlobalSection(SolutionConfigurationPlatforms) = preSolution
		Debug|x64 = Debug|x64
		Debug|x86 = Debug|x86
		Release|x64 = Release|x64
		Release|x86 = Release|x86
	EndGlobalSection
	GlobalSection(ProjectConfigurationPlatforms) = postSolution
		{BD41EF6E-2223-4E04-A708-FAC1B9FBED3D}.Debug|x64.ActiveCfg = Debug|x64
		{BD41EF6E-2223-4E04-A708-FAC1B9FBED3D}.Debug|x64.Build.0 = Debug|x64
		{BD41EF6E-2223-4E04-A708-FAC1B9FBED3D}.Debug|x86.ActiveCfg = Debug|Win32
		{BD41EF6E-2223-4E04-A708-FAC1B9FBED3D}.Debug|x86.Build.0 = Debug|Win32
		{BD41EF6E-2223-4E04-A708-FAC1B9FBED3D}.Release|x64.ActiveCfg = Release|x64
		{BD41EF6E-2223-4E04-A708-FAC1B9FBED3D}.Release|x64.Build.0 = Release|x64
		{BD41EF6E-2223-4E04-A708-FAC1B9FBED3D}.Release|x86.ActiveCfg = Release|Win32
		{BD41EF6E-2223-4E04-A708-FAC1B9FBED3D}.Release|x86.Build.0 = Release|Win32
		{8A044BA8-80FC-4205-B7F3-82069F0B29BE}.Debug|x64.ActiveCfg = Debug|x64
		{8A044BA8-80FC-4205-B7F3-82069F0B29BE}.Debug|x64.Build.0 = Debug|x64
		{8A044BA8-80FC-4205-B7F3-82069F0B29BE}.Debug|x86.ActiveCfg = Debug|Win32
		{8A044BA8-80FC-4205-B7F3-82069F0B29BE}.Debug|x86.Build.0 = Debug|Win32
		{8A044BA8-80FC-4205-B7F3-82069F0B29BE}.Release|x64.ActiveCfg = Release|x64
		{8A044BA8-80FC-4205-B7F3-82069F0B29BE}.Release|x64.Build.0 = Release|x64
		{8A044BA8-80FC-4205-B7F3-82069F0B29BE}.Release|x86.ActiveCfg = Release|Win32
		{8A044BA8-80FC-4205-B7F3-82069F0B29BE}.Release|x86.Build.0 = Release|Win32
		{D8A5E1A5-EC8E-4100-A193-7D21D53D2513}.Debug|x64.ActiveCfg = Debug|x64
		{D8A5E1A5-EC8E-4100-A193-7D21D53D2513}.Debug|x64.Build.0 = Debug|x64
		{D8A5E1A5-EC8E-4100-A193-7D21D53D2513}.Debug|x86.ActiveCfg = Debug|Win32
		{D8A5E1A5-EC8E-4100-A193-7D21D53D2513}.Debug|x86.Build.0 = Debug|Win32
		{D8A5E1A5-EC8E-4100-A193-7D21D53D2513}.Release|x64.ActiveCfg = Release|x64
		{D8A5E1A5-EC8E-4100-A193-7D21D53D2513}.Release|x64.Build.0 = Release|x64
		{D8A5E1A5-EC8E-4100-A193-7D21D53D2513}.Release|x86.ActiveCfg = Release|Win32
		{D8A5E1A5-EC8E-4100-A193-7D21D53D2513}.Release|x86.Build.0 = Release|Win32
	EndGlobalSection
	GlobalSection(SolutionProperties) = preSolution
		HideSolutionNode = FALSE
	EndGlobalSection
	GlobalSection(ExtensibilityGlobals) = postSolution
		SolutionGuid = {08FE582E-63E7-4ED3-80AB-06776D666E58}
	EndGlobalSection
EndGlobal
